memo = "e45dfadad332bc7de018b5e3cfd1892e9606f565eea347ccefb6f69febce0d17"

[[projects]]
  name = "github.com/BurntSushi/toml"
  packages = ["."]
  revision = "b26d9c308763d68093482582cea63d69be07a0f0"
  version = "v0.3.0"

[[projects]]
  branch = "master"
  name = "github.com/marpaia/graphite-golang"
  packages = ["."]
  revision = "c474c9b821b4d0a4574edc6412b0003fbce233c4"

[[projects]]
  branch = "v2"
  name = "gopkg.in/yaml.v2"
  packages = ["."]
  revision = "cd8b52f8269e0feb286dfeef29f8fe4d5b397e0b"
