memo = "89a759bfe031f18de453e3bf9212a85a074b343632fd811c3370eda64d60f68d"

[[projects]]
  name = "github.com/BurntSushi/toml"
  packages = ["."]
  revision = "b26d9c308763d68093482582cea63d69be07a0f0"
  version = "v0.3.0"

[[projects]]
  branch = "master"
  name = "github.com/marpaia/graphite-golang"
  packages = ["."]
  revision = "c474c9b821b4d0a4574edc6412b0003fbce233c4"
